
Microsoft Visual Studio Solution File, Format Version 12.00
# Visual Studio Version 16
VisualStudioVersion = 16.0.30804.86
MinimumVisualStudioVersion = 10.0.40219.1
Project("{FAE04EC0-301F-11D3-BF4B-00C04F79EFBC}") = "DataTypes", "DataTypes\DataTypes.csproj", "{44628FFF-86AC-482F-9BAC-2143758A515E}"
EndProject
Global
	GlobalSection(SolutionConfigurationPlatforms) = preSolution
		Debug|Any CPU = Debug|Any CPU
		Release|Any CPU = Release|Any CPU
	EndGlobalSection
	GlobalSection(ProjectConfigurationPlatforms) = postSolution
		{44628FFF-86AC-482F-9BAC-2143758A515E}.Debug|Any CPU.ActiveCfg = Debug|Any CPU
		{44628FFF-86AC-482F-9BAC-2143758A515E}.Debug|Any CPU.Build.0 = Debug|Any CPU
		{44628FFF-86AC-482F-9BAC-2143758A515E}.Release|Any CPU.ActiveCfg = Release|Any CPU
		{44628FFF-86AC-482F-9BAC-2143758A515E}.Release|Any CPU.Build.0 = Release|Any CPU
	EndGlobalSection
	GlobalSection(SolutionProperties) = preSolution
		HideSolutionNode = FALSE
	EndGlobalSection
	GlobalSection(ExtensibilityGlobals) = postSolution
		SolutionGuid = {D34D85B8-7C53-4306-9905-D99ED21129C1}
	EndGlobalSection
EndGlobal
